
Microsoft Visual Studio Solution File, Format Version 12.00
# Visual Studio 2012
Project("{8BC9CEB8-8B4A-11D0-8D11-00A0C91BC942}") = "AssignmentNo13", "AssignmentNo13\AssignmentNo13.vcxproj", "{2A2E6A34-DC61-4413-8D21-26511EDB6F74}"
EndProject
Global
	GlobalSection(SolutionConfigurationPlatforms) = preSolution
		Debug|Win32 = Debug|Win32
		Release|Win32 = Release|Win32
	EndGlobalSection
	GlobalSection(ProjectConfigurationPlatforms) = postSolution
		{2A2E6A34-DC61-4413-8D21-26511EDB6F74}.Debug|Win32.ActiveCfg = Debug|Win32
		{2A2E6A34-DC61-4413-8D21-26511EDB6F74}.Debug|Win32.Build.0 = Debug|Win32
		{2A2E6A34-DC61-4413-8D21-26511EDB6F74}.Release|Win32.ActiveCfg = Release|Win32
		{2A2E6A34-DC61-4413-8D21-26511EDB6F74}.Release|Win32.Build.0 = Release|Win32
	EndGlobalSection
	GlobalSection(SolutionProperties) = preSolution
		HideSolutionNode = FALSE
	EndGlobalSection
EndGlobal
