
Microsoft Visual Studio Solution File, Format Version 12.00
# Visual Studio 2012
Project("{8BC9CEB8-8B4A-11D0-8D11-00A0C91BC942}") = "AssignmentNo10", "AssignmentNo10\AssignmentNo10.vcxproj", "{A9B1A067-A996-4709-A655-1F0EF91A2D1D}"
EndProject
Global
	GlobalSection(SolutionConfigurationPlatforms) = preSolution
		Debug|Win32 = Debug|Win32
		Release|Win32 = Release|Win32
	EndGlobalSection
	GlobalSection(ProjectConfigurationPlatforms) = postSolution
		{A9B1A067-A996-4709-A655-1F0EF91A2D1D}.Debug|Win32.ActiveCfg = Debug|Win32
		{A9B1A067-A996-4709-A655-1F0EF91A2D1D}.Debug|Win32.Build.0 = Debug|Win32
		{A9B1A067-A996-4709-A655-1F0EF91A2D1D}.Release|Win32.ActiveCfg = Release|Win32
		{A9B1A067-A996-4709-A655-1F0EF91A2D1D}.Release|Win32.Build.0 = Release|Win32
	EndGlobalSection
	GlobalSection(SolutionProperties) = preSolution
		HideSolutionNode = FALSE
	EndGlobalSection
EndGlobal
